// !$*UTF8*$!
{
	archiveVersion = 1;
	classes = {
	};
	objectVersion = 56;
	objects = {

/* Begin PBXBuildFile section */
		034F03CE2BD19992000D40EF /* RecipeCard.swift in Sources */ = {isa = PBXBuildFile; fileRef = 034F03CD2BD19992000D40EF /* RecipeCard.swift */; };
		034F03D32BD1C8DE000D40EF /* Recipe.swift in Sources */ = {isa = PBXBuildFile; fileRef = 034F03D22BD1C8DE000D40EF /* Recipe.swift */; };
		034F03D52BD1CA6C000D40EF /* Ingredient.swift in Sources */ = {isa = PBXBuildFile; fileRef = 034F03D42BD1CA6C000D40EF /* Ingredient.swift */; };
		034F03D72BD1CB7B000D40EF /* CuisineType.swift in Sources */ = {isa = PBXBuildFile; fileRef = 034F03D62BD1CB7B000D40EF /* CuisineType.swift */; };
		034F03D92BD1CBE1000D40EF /* SavedRecipes.swift in Sources */ = {isa = PBXBuildFile; fileRef = 034F03D82BD1CBE1000D40EF /* SavedRecipes.swift */; };
		03D4EEDF2BD0A09900F5ABBC /* RecipeExplorerView.swift in Sources */ = {isa = PBXBuildFile; fileRef = 03D4EEDE2BD0A09900F5ABBC /* RecipeExplorerView.swift */; };
		03D4EEE12BD0A0A300F5ABBC /* SearchView.swift in Sources */ = {isa = PBXBuildFile; fileRef = 03D4EEE02BD0A0A300F5ABBC /* SearchView.swift */; };
		03D4EEE32BD0A0AE00F5ABBC /* ProfileView.swift in Sources */ = {isa = PBXBuildFile; fileRef = 03D4EEE22BD0A0AE00F5ABBC /* ProfileView.swift */; };
		03D4EEE52BD0BE1600F5ABBC /* RecipeCarouselView.swift in Sources */ = {isa = PBXBuildFile; fileRef = 03D4EEE42BD0BE1600F5ABBC /* RecipeCarouselView.swift */; };
		03E4F7812BD0915E0040C447 /* RecipeKitApp.swift in Sources */ = {isa = PBXBuildFile; fileRef = 03E4F7802BD0915E0040C447 /* RecipeKitApp.swift */; };
		03E4F7832BD0915F0040C447 /* ContentView.swift in Sources */ = {isa = PBXBuildFile; fileRef = 03E4F7822BD0915F0040C447 /* ContentView.swift */; };
		03E4F7852BD091600040C447 /* Assets.xcassets in Resources */ = {isa = PBXBuildFile; fileRef = 03E4F7842BD091600040C447 /* Assets.xcassets */; };
		03E4F7892BD091600040C447 /* Preview Assets.xcassets in Resources */ = {isa = PBXBuildFile; fileRef = 03E4F7882BD091600040C447 /* Preview Assets.xcassets */; };
		03E4F7902BD09A750040C447 /* AppTabView.swift in Sources */ = {isa = PBXBuildFile; fileRef = 03E4F78F2BD09A750040C447 /* AppTabView.swift */; };
/* End PBXBuildFile section */

/* Begin PBXFileReference section */
		034F03CD2BD19992000D40EF /* RecipeCard.swift */ = {isa = PBXFileReference; lastKnownFileType = sourcecode.swift; path = RecipeCard.swift; sourceTree = "<group>"; };
		034F03D22BD1C8DE000D40EF /* Recipe.swift */ = {isa = PBXFileReference; lastKnownFileType = sourcecode.swift; path = Recipe.swift; sourceTree = "<group>"; };
		034F03D42BD1CA6C000D40EF /* Ingredient.swift */ = {isa = PBXFileReference; lastKnownFileType = sourcecode.swift; path = Ingredient.swift; sourceTree = "<group>"; };
		034F03D62BD1CB7B000D40EF /* CuisineType.swift */ = {isa = PBXFileReference; lastKnownFileType = sourcecode.swift; path = CuisineType.swift; sourceTree = "<group>"; };
		034F03D82BD1CBE1000D40EF /* SavedRecipes.swift */ = {isa = PBXFileReference; lastKnownFileType = sourcecode.swift; path = SavedRecipes.swift; sourceTree = "<group>"; };
		03D4EEDE2BD0A09900F5ABBC /* RecipeExplorerView.swift */ = {isa = PBXFileReference; lastKnownFileType = sourcecode.swift; path = RecipeExplorerView.swift; sourceTree = "<group>"; };
		03D4EEE02BD0A0A300F5ABBC /* SearchView.swift */ = {isa = PBXFileReference; lastKnownFileType = sourcecode.swift; path = SearchView.swift; sourceTree = "<group>"; };
		03D4EEE22BD0A0AE00F5ABBC /* ProfileView.swift */ = {isa = PBXFileReference; lastKnownFileType = sourcecode.swift; path = ProfileView.swift; sourceTree = "<group>"; };
		03D4EEE42BD0BE1600F5ABBC /* RecipeCarouselView.swift */ = {isa = PBXFileReference; lastKnownFileType = sourcecode.swift; path = RecipeCarouselView.swift; sourceTree = "<group>"; };
		03E4F77D2BD0915E0040C447 /* RecipeKit.app */ = {isa = PBXFileReference; explicitFileType = wrapper.application; includeInIndex = 0; path = RecipeKit.app; sourceTree = BUILT_PRODUCTS_DIR; };
		03E4F7802BD0915E0040C447 /* RecipeKitApp.swift */ = {isa = PBXFileReference; lastKnownFileType = sourcecode.swift; path = RecipeKitApp.swift; sourceTree = "<group>"; };
		03E4F7822BD0915F0040C447 /* ContentView.swift */ = {isa = PBXFileReference; lastKnownFileType = sourcecode.swift; path = ContentView.swift; sourceTree = "<group>"; };
		03E4F7842BD091600040C447 /* Assets.xcassets */ = {isa = PBXFileReference; lastKnownFileType = folder.assetcatalog; path = Assets.xcassets; sourceTree = "<group>"; };
		03E4F7862BD091600040C447 /* RecipeKit.entitlements */ = {isa = PBXFileReference; lastKnownFileType = text.plist.entitlements; path = RecipeKit.entitlements; sourceTree = "<group>"; };
		03E4F7882BD091600040C447 /* Preview Assets.xcassets */ = {isa = PBXFileReference; lastKnownFileType = folder.assetcatalog; path = "Preview Assets.xcassets"; sourceTree = "<group>"; };
		03E4F78F2BD09A750040C447 /* AppTabView.swift */ = {isa = PBXFileReference; lastKnownFileType = sourcecode.swift; path = AppTabView.swift; sourceTree = "<group>"; };
/* End PBXFileReference section */

/* Begin PBXFrameworksBuildPhase section */
		03E4F77A2BD0915E0040C447 /* Frameworks */ = {
			isa = PBXFrameworksBuildPhase;
			buildActionMask = 2147483647;
			files = (
			);
			runOnlyForDeploymentPostprocessing = 0;
		};
/* End PBXFrameworksBuildPhase section */

/* Begin PBXGroup section */
		03E4F7742BD0915E0040C447 = {
			isa = PBXGroup;
			children = (
				03E4F77F2BD0915E0040C447 /* RecipeKit */,
				03E4F77E2BD0915E0040C447 /* Products */,
			);
			sourceTree = "<group>";
		};
		03E4F77E2BD0915E0040C447 /* Products */ = {
			isa = PBXGroup;
			children = (
				03E4F77D2BD0915E0040C447 /* RecipeKit.app */,
			);
			name = Products;
			sourceTree = "<group>";
		};
		03E4F77F2BD0915E0040C447 /* RecipeKit */ = {
			isa = PBXGroup;
			children = (
				03E4F7802BD0915E0040C447 /* RecipeKitApp.swift */,
				03E4F7822BD0915F0040C447 /* ContentView.swift */,
				03E4F78F2BD09A750040C447 /* AppTabView.swift */,
				03D4EEDE2BD0A09900F5ABBC /* RecipeExplorerView.swift */,
				03D4EEE02BD0A0A300F5ABBC /* SearchView.swift */,
				03D4EEE22BD0A0AE00F5ABBC /* ProfileView.swift */,
				03D4EEE42BD0BE1600F5ABBC /* RecipeCarouselView.swift */,
				034F03CD2BD19992000D40EF /* RecipeCard.swift */,
				034F03D22BD1C8DE000D40EF /* Recipe.swift */,
				034F03D42BD1CA6C000D40EF /* Ingredient.swift */,
				034F03D62BD1CB7B000D40EF /* CuisineType.swift */,
				034F03D82BD1CBE1000D40EF /* SavedRecipes.swift */,
				03E4F7842BD091600040C447 /* Assets.xcassets */,
				03E4F7862BD091600040C447 /* RecipeKit.entitlements */,
				03E4F7872BD091600040C447 /* Preview Content */,
			);
			path = RecipeKit;
			sourceTree = "<group>";
		};
		03E4F7872BD091600040C447 /* Preview Content */ = {
			isa = PBXGroup;
			children = (
				03E4F7882BD091600040C447 /* Preview Assets.xcassets */,
			);
			path = "Preview Content";
			sourceTree = "<group>";
		};
/* End PBXGroup section */

/* Begin PBXNativeTarget section */
		03E4F77C2BD0915E0040C447 /* RecipeKit */ = {
			isa = PBXNativeTarget;
			buildConfigurationList = 03E4F78C2BD091600040C447 /* Build configuration list for PBXNativeTarget "RecipeKit" */;
			buildPhases = (
				03E4F7792BD0915E0040C447 /* Sources */,
				03E4F77A2BD0915E0040C447 /* Frameworks */,
				03E4F77B2BD0915E0040C447 /* Resources */,
			);
			buildRules = (
			);
			dependencies = (
			);
			name = RecipeKit;
			productName = RecipeKit;
			productReference = 03E4F77D2BD0915E0040C447 /* RecipeKit.app */;
			productType = "com.apple.product-type.application";
		};
/* End PBXNativeTarget section */

/* Begin PBXProject section */
		03E4F7752BD0915E0040C447 /* Project object */ = {
			isa = PBXProject;
			attributes = {
				BuildIndependentTargetsInParallel = 1;
				LastSwiftUpdateCheck = 1530;
				LastUpgradeCheck = 1530;
				TargetAttributes = {
					03E4F77C2BD0915E0040C447 = {
						CreatedOnToolsVersion = 15.3;
					};
				};
			};
			buildConfigurationList = 03E4F7782BD0915E0040C447 /* Build configuration list for PBXProject "RecipeKit" */;
			compatibilityVersion = "Xcode 14.0";
			developmentRegion = en;
			hasScannedForEncodings = 0;
			knownRegions = (
				en,
				Base,
			);
			mainGroup = 03E4F7742BD0915E0040C447;
			productRefGroup = 03E4F77E2BD0915E0040C447 /* Products */;
			projectDirPath = "";
			projectRoot = "";
			targets = (
				03E4F77C2BD0915E0040C447 /* RecipeKit */,
			);
		};
/* End PBXProject section */

/* Begin PBXResourcesBuildPhase section */
		03E4F77B2BD0915E0040C447 /* Resources */ = {
			isa = PBXResourcesBuildPhase;
			buildActionMask = 2147483647;
			files = (
				03E4F7892BD091600040C447 /* Preview Assets.xcassets in Resources */,
				03E4F7852BD091600040C447 /* Assets.xcassets in Resources */,
			);
			runOnlyForDeploymentPostprocessing = 0;
		};
/* End PBXResourcesBuildPhase section */

/* Begin PBXSourcesBuildPhase section */
		03E4F7792BD0915E0040C447 /* Sources */ = {
			isa = PBXSourcesBuildPhase;
			buildActionMask = 2147483647;
			files = (
				03D4EEE12BD0A0A300F5ABBC /* SearchView.swift in Sources */,
				034F03D92BD1CBE1000D40EF /* SavedRecipes.swift in Sources */,
				03D4EEE52BD0BE1600F5ABBC /* RecipeCarouselView.swift in Sources */,
				03E4F7902BD09A750040C447 /* AppTabView.swift in Sources */,
				034F03D52BD1CA6C000D40EF /* Ingredient.swift in Sources */,
				03D4EEDF2BD0A09900F5ABBC /* RecipeExplorerView.swift in Sources */,
				03E4F7832BD0915F0040C447 /* ContentView.swift in Sources */,
				034F03D72BD1CB7B000D40EF /* CuisineType.swift in Sources */,
				034F03CE2BD19992000D40EF /* RecipeCard.swift in Sources */,
				034F03D32BD1C8DE000D40EF /* Recipe.swift in Sources */,
				03D4EEE32BD0A0AE00F5ABBC /* ProfileView.swift in Sources */,
				03E4F7812BD0915E0040C447 /* RecipeKitApp.swift in Sources */,
			);
			runOnlyForDeploymentPostprocessing = 0;
		};
/* End PBXSourcesBuildPhase section */

/* Begin XCBuildConfiguration section */
		03E4F78A2BD091600040C447 /* Debug */ = {
			isa = XCBuildConfiguration;
			buildSettings = {
				ALWAYS_SEARCH_USER_PATHS = NO;
				ASSETCATALOG_COMPILER_GENERATE_SWIFT_ASSET_SYMBOL_EXTENSIONS = YES;
				CLANG_ANALYZER_NONNULL = YES;
				CLANG_ANALYZER_NUMBER_OBJECT_CONVERSION = YES_AGGRESSIVE;
				CLANG_CXX_LANGUAGE_STANDARD = "gnu++20";
				CLANG_ENABLE_MODULES = YES;
				CLANG_ENABLE_OBJC_ARC = YES;
				CLANG_ENABLE_OBJC_WEAK = YES;
				CLANG_WARN_BLOCK_CAPTURE_AUTORELEASING = YES;
				CLANG_WARN_BOOL_CONVERSION = YES;
				CLANG_WARN_COMMA = YES;
				CLANG_WARN_CONSTANT_CONVERSION = YES;
				CLANG_WARN_DEPRECATED_OBJC_IMPLEMENTATIONS = YES;
				CLANG_WARN_DIRECT_OBJC_ISA_USAGE = YES_ERROR;
				CLANG_WARN_DOCUMENTATION_COMMENTS = YES;
				CLANG_WARN_EMPTY_BODY = YES;
				CLANG_WARN_ENUM_CONVERSION = YES;
				CLANG_WARN_INFINITE_RECURSION = YES;
				CLANG_WARN_INT_CONVERSION = YES;
				CLANG_WARN_NON_LITERAL_NULL_CONVERSION = YES;
				CLANG_WARN_OBJC_IMPLICIT_RETAIN_SELF = YES;
				CLANG_WARN_OBJC_LITERAL_CONVERSION = YES;
				CLANG_WARN_OBJC_ROOT_CLASS = YES_ERROR;
				CLANG_WARN_QUOTED_INCLUDE_IN_FRAMEWORK_HEADER = YES;
				CLANG_WARN_RANGE_LOOP_ANALYSIS = YES;
				CLANG_WARN_STRICT_PROTOTYPES = YES;
				CLANG_WARN_SUSPICIOUS_MOVE = YES;
				CLANG_WARN_UNGUARDED_AVAILABILITY = YES_AGGRESSIVE;
				CLANG_WARN_UNREACHABLE_CODE = YES;
				CLANG_WARN__DUPLICATE_METHOD_MATCH = YES;
				COPY_PHASE_STRIP = NO;
				DEBUG_INFORMATION_FORMAT = dwarf;
				ENABLE_STRICT_OBJC_MSGSEND = YES;
				ENABLE_TESTABILITY = YES;
				ENABLE_USER_SCRIPT_SANDBOXING = YES;
				GCC_C_LANGUAGE_STANDARD = gnu17;
				GCC_DYNAMIC_NO_PIC = NO;
				GCC_NO_COMMON_BLOCKS = YES;
				GCC_OPTIMIZATION_LEVEL = 0;
				GCC_PREPROCESSOR_DEFINITIONS = (
					"DEBUG=1",
					"$(inherited)",
				);
				GCC_WARN_64_TO_32_BIT_CONVERSION = YES;
				GCC_WARN_ABOUT_RETURN_TYPE = YES_ERROR;
				GCC_WARN_UNDECLARED_SELECTOR = YES;
				GCC_WARN_UNINITIALIZED_AUTOS = YES_AGGRESSIVE;
				GCC_WARN_UNUSED_FUNCTION = YES;
				GCC_WARN_UNUSED_VARIABLE = YES;
				LOCALIZATION_PREFERS_STRING_CATALOGS = YES;
				MTL_ENABLE_DEBUG_INFO = INCLUDE_SOURCE;
				MTL_FAST_MATH = YES;
				ONLY_ACTIVE_ARCH = YES;
				SWIFT_ACTIVE_COMPILATION_CONDITIONS = "DEBUG $(inherited)";
				SWIFT_OPTIMIZATION_LEVEL = "-Onone";
			};
			name = Debug;
		};
		03E4F78B2BD091600040C447 /* Release */ = {
			isa = XCBuildConfiguration;
			buildSettings = {
				ALWAYS_SEARCH_USER_PATHS = NO;
				ASSETCATALOG_COMPILER_GENERATE_SWIFT_ASSET_SYMBOL_EXTENSIONS = YES;
				CLANG_ANALYZER_NONNULL = YES;
				CLANG_ANALYZER_NUMBER_OBJECT_CONVERSION = YES_AGGRESSIVE;
				CLANG_CXX_LANGUAGE_STANDARD = "gnu++20";
				CLANG_ENABLE_MODULES = YES;
				CLANG_ENABLE_OBJC_ARC = YES;
				CLANG_ENABLE_OBJC_WEAK = YES;
				CLANG_WARN_BLOCK_CAPTURE_AUTORELEASING = YES;
				CLANG_WARN_BOOL_CONVERSION = YES;
				CLANG_WARN_COMMA = YES;
				CLANG_WARN_CONSTANT_CONVERSION = YES;
				CLANG_WARN_DEPRECATED_OBJC_IMPLEMENTATIONS = YES;
				CLANG_WARN_DIRECT_OBJC_ISA_USAGE = YES_ERROR;
				CLANG_WARN_DOCUMENTATION_COMMENTS = YES;
				CLANG_WARN_EMPTY_BODY = YES;
				CLANG_WARN_ENUM_CONVERSION = YES;
				CLANG_WARN_INFINITE_RECURSION = YES;
				CLANG_WARN_INT_CONVERSION = YES;
				CLANG_WARN_NON_LITERAL_NULL_CONVERSION = YES;
				CLANG_WARN_OBJC_IMPLICIT_RETAIN_SELF = YES;
				CLANG_WARN_OBJC_LITERAL_CONVERSION = YES;
				CLANG_WARN_OBJC_ROOT_CLASS = YES_ERROR;
				CLANG_WARN_QUOTED_INCLUDE_IN_FRAMEWORK_HEADER = YES;
				CLANG_WARN_RANGE_LOOP_ANALYSIS = YES;
				CLANG_WARN_STRICT_PROTOTYPES = YES;
				CLANG_WARN_SUSPICIOUS_MOVE = YES;
				CLANG_WARN_UNGUARDED_AVAILABILITY = YES_AGGRESSIVE;
				CLANG_WARN_UNREACHABLE_CODE = YES;
				CLANG_WARN__DUPLICATE_METHOD_MATCH = YES;
				COPY_PHASE_STRIP = NO;
				DEBUG_INFORMATION_FORMAT = "dwarf-with-dsym";
				ENABLE_NS_ASSERTIONS = NO;
				ENABLE_STRICT_OBJC_MSGSEND = YES;
				ENABLE_USER_SCRIPT_SANDBOXING = YES;
				GCC_C_LANGUAGE_STANDARD = gnu17;
				GCC_NO_COMMON_BLOCKS = YES;
				GCC_WARN_64_TO_32_BIT_CONVERSION = YES;
				GCC_WARN_ABOUT_RETURN_TYPE = YES_ERROR;
				GCC_WARN_UNDECLARED_SELECTOR = YES;
				GCC_WARN_UNINITIALIZED_AUTOS = YES_AGGRESSIVE;
				GCC_WARN_UNUSED_FUNCTION = YES;
				GCC_WARN_UNUSED_VARIABLE = YES;
				LOCALIZATION_PREFERS_STRING_CATALOGS = YES;
				MTL_ENABLE_DEBUG_INFO = NO;
				MTL_FAST_MATH = YES;
				SWIFT_COMPILATION_MODE = wholemodule;
			};
			name = Release;
		};
		03E4F78D2BD091600040C447 /* Debug */ = {
			isa = XCBuildConfiguration;
			buildSettings = {
				ASSETCATALOG_COMPILER_APPICON_NAME = AppIcon;
				ASSETCATALOG_COMPILER_GLOBAL_ACCENT_COLOR_NAME = AccentColor;
				CODE_SIGN_ENTITLEMENTS = RecipeKit/RecipeKit.entitlements;
				CODE_SIGN_STYLE = Automatic;
				CURRENT_PROJECT_VERSION = 1;
				DEVELOPMENT_ASSET_PATHS = "\"RecipeKit/Preview Content\"";
				DEVELOPMENT_TEAM = QNA2GYCBD6;
				ENABLE_HARDENED_RUNTIME = YES;
				ENABLE_PREVIEWS = YES;
				GENERATE_INFOPLIST_FILE = YES;
				"INFOPLIST_KEY_UIApplicationSceneManifest_Generation[sdk=iphoneos*]" = YES;
				"INFOPLIST_KEY_UIApplicationSceneManifest_Generation[sdk=iphonesimulator*]" = YES;
				"INFOPLIST_KEY_UIApplicationSupportsIndirectInputEvents[sdk=iphoneos*]" = YES;
				"INFOPLIST_KEY_UIApplicationSupportsIndirectInputEvents[sdk=iphonesimulator*]" = YES;
				"INFOPLIST_KEY_UILaunchScreen_Generation[sdk=iphoneos*]" = YES;
				"INFOPLIST_KEY_UILaunchScreen_Generation[sdk=iphonesimulator*]" = YES;
				"INFOPLIST_KEY_UIStatusBarStyle[sdk=iphoneos*]" = UIStatusBarStyleDefault;
				"INFOPLIST_KEY_UIStatusBarStyle[sdk=iphonesimulator*]" = UIStatusBarStyleDefault;
				INFOPLIST_KEY_UISupportedInterfaceOrientations_iPad = "UIInterfaceOrientationPortrait UIInterfaceOrientationPortraitUpsideDown UIInterfaceOrientationLandscapeLeft UIInterfaceOrientationLandscapeRight";
				INFOPLIST_KEY_UISupportedInterfaceOrientations_iPhone = "UIInterfaceOrientationPortrait UIInterfaceOrientationLandscapeLeft UIInterfaceOrientationLandscapeRight";
				IPHONEOS_DEPLOYMENT_TARGET = 17.4;
				LD_RUNPATH_SEARCH_PATHS = "@executable_path/Frameworks";
				"LD_RUNPATH_SEARCH_PATHS[sdk=macosx*]" = "@executable_path/../Frameworks";
				MACOSX_DEPLOYMENT_TARGET = 14.4;
				MARKETING_VERSION = 1.0;
				PRODUCT_BUNDLE_IDENTIFIER = co.croura.RecipeKit;
				PRODUCT_NAME = "$(TARGET_NAME)";
				SDKROOT = auto;
				SUPPORTED_PLATFORMS = "iphoneos iphonesimulator macosx";
				SWIFT_EMIT_LOC_STRINGS = YES;
				SWIFT_VERSION = 5.0;
				TARGETED_DEVICE_FAMILY = "1,2";
			};
			name = Debug;
		};
		03E4F78E2BD091600040C447 /* Release */ = {
			isa = XCBuildConfiguration;
			buildSettings = {
				ASSETCATALOG_COMPILER_APPICON_NAME = AppIcon;
				ASSETCATALOG_COMPILER_GLOBAL_ACCENT_COLOR_NAME = AccentColor;
				CODE_SIGN_ENTITLEMENTS = RecipeKit/RecipeKit.entitlements;
				CODE_SIGN_STYLE = Automatic;
				CURRENT_PROJECT_VERSION = 1;
				DEVELOPMENT_ASSET_PATHS = "\"RecipeKit/Preview Content\"";
				DEVELOPMENT_TEAM = QNA2GYCBD6;
				ENABLE_HARDENED_RUNTIME = YES;
				ENABLE_PREVIEWS = YES;
				GENERATE_INFOPLIST_FILE = YES;
				"INFOPLIST_KEY_UIApplicationSceneManifest_Generation[sdk=iphoneos*]" = YES;
				"INFOPLIST_KEY_UIApplicationSceneManifest_Generation[sdk=iphonesimulator*]" = YES;
				"INFOPLIST_KEY_UIApplicationSupportsIndirectInputEvents[sdk=iphoneos*]" = YES;
				"INFOPLIST_KEY_UIApplicationSupportsIndirectInputEvents[sdk=iphonesimulator*]" = YES;
				"INFOPLIST_KEY_UILaunchScreen_Generation[sdk=iphoneos*]" = YES;
				"INFOPLIST_KEY_UILaunchScreen_Generation[sdk=iphonesimulator*]" = YES;
				"INFOPLIST_KEY_UIStatusBarStyle[sdk=iphoneos*]" = UIStatusBarStyleDefault;
				"INFOPLIST_KEY_UIStatusBarStyle[sdk=iphonesimulator*]" = UIStatusBarStyleDefault;
				INFOPLIST_KEY_UISupportedInterfaceOrientations_iPad = "UIInterfaceOrientationPortrait UIInterfaceOrientationPortraitUpsideDown UIInterfaceOrientationLandscapeLeft UIInterfaceOrientationLandscapeRight";
				INFOPLIST_KEY_UISupportedInterfaceOrientations_iPhone = "UIInterfaceOrientationPortrait UIInterfaceOrientationLandscapeLeft UIInterfaceOrientationLandscapeRight";
				IPHONEOS_DEPLOYMENT_TARGET = 17.4;
				LD_RUNPATH_SEARCH_PATHS = "@executable_path/Frameworks";
				"LD_RUNPATH_SEARCH_PATHS[sdk=macosx*]" = "@executable_path/../Frameworks";
				MACOSX_DEPLOYMENT_TARGET = 14.4;
				MARKETING_VERSION = 1.0;
				PRODUCT_BUNDLE_IDENTIFIER = co.croura.RecipeKit;
				PRODUCT_NAME = "$(TARGET_NAME)";
				SDKROOT = auto;
				SUPPORTED_PLATFORMS = "iphoneos iphonesimulator macosx";
				SWIFT_EMIT_LOC_STRINGS = YES;
				SWIFT_VERSION = 5.0;
				TARGETED_DEVICE_FAMILY = "1,2";
			};
			name = Release;
		};
/* End XCBuildConfiguration section */

/* Begin XCConfigurationList section */
		03E4F7782BD0915E0040C447 /* Build configuration list for PBXProject "RecipeKit" */ = {
			isa = XCConfigurationList;
			buildConfigurations = (
				03E4F78A2BD091600040C447 /* Debug */,
				03E4F78B2BD091600040C447 /* Release */,
			);
			defaultConfigurationIsVisible = 0;
			defaultConfigurationName = Release;
		};
		03E4F78C2BD091600040C447 /* Build configuration list for PBXNativeTarget "RecipeKit" */ = {
			isa = XCConfigurationList;
			buildConfigurations = (
				03E4F78D2BD091600040C447 /* Debug */,
				03E4F78E2BD091600040C447 /* Release */,
			);
			defaultConfigurationIsVisible = 0;
			defaultConfigurationName = Release;
		};
/* End XCConfigurationList section */
	};
	rootObject = 03E4F7752BD0915E0040C447 /* Project object */;
}
